<?xml version="1.0" encoding="utf-8"?>
<Project ToolsVersion="4.0" xmlns="http://schemas.microsoft.com/developer/msbuild/2003">
  <ItemGroup>
    <ClInclude Include="_hed\Config.h" />
    <ClInclude Include="_hed\Helper.h" />
    <ClInclude Include="Command\hed\Token.h" />
    <ClInclude Include="Command\hed\Command.h" />
    <ClInclude Include="DeepSea\hed\DeepSeaMain.h" />
    <ClInclude Include="Original\hed\OriginalMain.h" />
  </ItemGroup>
  <ItemGroup>
    <ClCompile Include="_cpp\Config.cpp" />
    <ClCompile Include="_cpp\main.cpp" />
    <ClCompile Include="_cpp\Helper.cpp" />
    <ClCompile Include="Command\cpp\Token.cpp" />
    <ClCompile Include="Command\cpp\Command.cpp" />
    <ClCompile Include="DeepSea\cpp\DeepSeaMain.cpp" />
    <ClCompile Include="Original\cpp\OriginalMain.cpp" />
  </ItemGroup>
</Project>